
Microsoft Visual Studio Solution File, Format Version 11.00
# Visual Studio 2010
Project("{FAE04EC0-301F-11D3-BF4B-00C04F79EFBC}") = "AquissUsageChecker", "AquissUsageChecker\AquissUsageChecker.csproj", "{7911FC0F-C68D-46AD-B126-E14F303A14E4}"
EndProject
Global
	GlobalSection(SolutionConfigurationPlatforms) = preSolution
		Debug|x86 = Debug|x86
		Release|x86 = Release|x86
		AppStore|x86 = AppStore|x86
	EndGlobalSection
	GlobalSection(ProjectConfigurationPlatforms) = postSolution
		{7911FC0F-C68D-46AD-B126-E14F303A14E4}.AppStore|x86.ActiveCfg = AppStore|x86
		{7911FC0F-C68D-46AD-B126-E14F303A14E4}.AppStore|x86.Build.0 = AppStore|x86
		{7911FC0F-C68D-46AD-B126-E14F303A14E4}.Debug|x86.ActiveCfg = Debug|x86
		{7911FC0F-C68D-46AD-B126-E14F303A14E4}.Debug|x86.Build.0 = Debug|x86
		{7911FC0F-C68D-46AD-B126-E14F303A14E4}.Release|x86.ActiveCfg = Release|x86
		{7911FC0F-C68D-46AD-B126-E14F303A14E4}.Release|x86.Build.0 = Release|x86
	EndGlobalSection
	GlobalSection(MonoDevelopProperties) = preSolution
		StartupItem = AquissUsageChecker\AquissUsageChecker.csproj
	EndGlobalSection
EndGlobal
